
Microsoft Visual Studio Solution File, Format Version 12.00
# Visual Studio 15
VisualStudioVersion = 15.0.27130.2020
MinimumVisualStudioVersion = 10.0.40219.1
Project("{FAE04EC0-301F-11D3-BF4B-00C04F79EFBC}") = "PostseasonPickEmScorer", "PostseasonPickEmScorer\PostseasonPickEmScorer.csproj", "{CDCAB398-455A-47FA-A135-A2D4A1D1A134}"
EndProject
Global
	GlobalSection(SolutionConfigurationPlatforms) = preSolution
		Debug|Any CPU = Debug|Any CPU
		Release|Any CPU = Release|Any CPU
	EndGlobalSection
	GlobalSection(ProjectConfigurationPlatforms) = postSolution
		{CDCAB398-455A-47FA-A135-A2D4A1D1A134}.Debug|Any CPU.ActiveCfg = Debug|Any CPU
		{CDCAB398-455A-47FA-A135-A2D4A1D1A134}.Debug|Any CPU.Build.0 = Debug|Any CPU
		{CDCAB398-455A-47FA-A135-A2D4A1D1A134}.Release|Any CPU.ActiveCfg = Release|Any CPU
		{CDCAB398-455A-47FA-A135-A2D4A1D1A134}.Release|Any CPU.Build.0 = Release|Any CPU
	EndGlobalSection
	GlobalSection(SolutionProperties) = preSolution
		HideSolutionNode = FALSE
	EndGlobalSection
	GlobalSection(ExtensibilityGlobals) = postSolution
		SolutionGuid = {9DDD2DB4-7C92-4A77-88BD-3C87353A1FCF}
	EndGlobalSection
EndGlobal
